
Microsoft Visual Studio Solution File, Format Version 12.00
# Visual Studio 15
VisualStudioVersion = 15.0.28010.2019
MinimumVisualStudioVersion = 10.0.40219.1
Project("{8BC9CEB8-8B4A-11D0-8D11-00A0C91BC942}") = "TestHarness", "TestHarness\TestHarness.vcxproj", "{6A46A694-038C-43A2-9180-5CAF5A40FD1F}"
	ProjectSection(ProjectDependencies) = postProject
		{18BACE72-713C-45B2-9E28-17E94391BF86} = {18BACE72-713C-45B2-9E28-17E94391BF86}
		{462B43B2-8B13-4178-BF2A-903F76F1985C} = {462B43B2-8B13-4178-BF2A-903F76F1985C}
		{CA3129B8-1BF4-44C9-B116-53EC72D0BCCB} = {CA3129B8-1BF4-44C9-B116-53EC72D0BCCB}
	EndProjectSection
EndProject
Project("{8BC9CEB8-8B4A-11D0-8D11-00A0C91BC942}") = "Utilities", "Utilities\Utilities.vcxproj", "{18BACE72-713C-45B2-9E28-17E94391BF86}"
EndProject
Project("{8BC9CEB8-8B4A-11D0-8D11-00A0C91BC942}") = "Logger", "Logger\Logger.vcxproj", "{1030EBDC-5B5B-497D-8BEB-4336E0E827DD}"
EndProject
Project("{8BC9CEB8-8B4A-11D0-8D11-00A0C91BC942}") = "DateTimeUtils", "DateTimeUtils\DateTimeUtils.vcxproj", "{AE129F22-6799-4238-A6E6-3CED8DF92C87}"
EndProject
Project("{8BC9CEB8-8B4A-11D0-8D11-00A0C91BC942}") = "DLLLoader", "dll_loader\dll_loader.vcxproj", "{E692239F-C621-41E4-BC52-3B968FB78BD9}"
EndProject
Project("{8BC9CEB8-8B4A-11D0-8D11-00A0C91BC942}") = "CodeUtilitiesTests", "CodeUtilitiesTests\CodeUtilitiesTests.vcxproj", "{687D636D-8841-4AF4-8C10-1246747E3B3D}"
EndProject
Project("{8BC9CEB8-8B4A-11D0-8D11-00A0C91BC942}") = "DemoRequirements", "DemoRequirements\DemoRequirements.vcxproj", "{07DC4539-9182-4E97-9435-0A2C389B2AC3}"
EndProject
Project("{8BC9CEB8-8B4A-11D0-8D11-00A0C91BC942}") = "Message", "CppCommWithFileXfer\Message\Message.vcxproj", "{4133D528-AB6D-4CCD-AF37-67536F36154C}"
EndProject
Project("{8BC9CEB8-8B4A-11D0-8D11-00A0C91BC942}") = "MsgPassingComm", "CppCommWithFileXfer\MsgPassingComm\MsgPassingComm.vcxproj", "{6E58E051-CC07-4D7F-92A4-06A117A79CA7}"
EndProject
Project("{8BC9CEB8-8B4A-11D0-8D11-00A0C91BC942}") = "Sockets", "CppCommWithFileXfer\Sockets\Sockets.vcxproj", "{CA3129B8-1BF4-44C9-B116-53EC72D0BCCB}"
EndProject
Project("{8BC9CEB8-8B4A-11D0-8D11-00A0C91BC942}") = "FileSystem", "CppCommWithFileXfer\Utilities\FileSystem\FileSystem.vcxproj", "{ACE4D371-F507-4ED1-81AA-61C34D675BDF}"
EndProject
Project("{8BC9CEB8-8B4A-11D0-8D11-00A0C91BC942}") = "StringUtilities", "CppCommWithFileXfer\Utilities\StringUtilities\StringUtilities.vcxproj", "{462B43B2-8B13-4178-BF2A-903F76F1985C}"
EndProject
Project("{8BC9CEB8-8B4A-11D0-8D11-00A0C91BC942}") = "CodeUtilities", "CppCommWithFileXfer\Utilities\CodeUtilities\CodeUtilities.vcxproj", "{D6E40902-7A6C-4AF9-B69A-68E7B80B722C}"
EndProject
Project("{8BC9CEB8-8B4A-11D0-8D11-00A0C91BC942}") = "BlockingQueue", "CppCommWithFileXfer\Cpp11-BlockingQueue\Cpp11-BlockingQueue.vcxproj", "{38A1D03D-7747-4F79-9539-358F1D1D8DD7}"
EndProject
Project("{8BC9CEB8-8B4A-11D0-8D11-00A0C91BC942}") = "TestRequest", "TestRequest\TestRequest.vcxproj", "{2FB336ED-53C7-46E2-A942-8BEC5B45AF9A}"
EndProject
Project("{8BC9CEB8-8B4A-11D0-8D11-00A0C91BC942}") = "DateTime", "CppCommWithFileXfer\Utilities\DateTime\DateTime.vcxproj", "{C1E1F450-B7E1-4796-84D5-7D3C831DFF68}"
EndProject
Project("{8BC9CEB8-8B4A-11D0-8D11-00A0C91BC942}") = "Process", "Process\Process\Process.vcxproj", "{5E2548A1-C280-49E1-A2B6-55F4BA12B3F2}"
EndProject
Project("{8BC9CEB8-8B4A-11D0-8D11-00A0C91BC942}") = "TestHarnessProcessPoolHost", "TestHarnessProcessPoolHost\TestHarnessProcessPoolHost.vcxproj", "{8A06E998-A20F-4E13-A4FA-342D100E5337}"
EndProject
Project("{8BC9CEB8-8B4A-11D0-8D11-00A0C91BC942}") = "ChildProcess", "ChildProcess\ChildProcess.vcxproj", "{31BC546A-45C0-48A3-BB2C-5A7F80537570}"
EndProject
Project("{8BC9CEB8-8B4A-11D0-8D11-00A0C91BC942}") = "CommLibWrapper", "CommLibWrapper\CommLibWrapper.vcxproj", "{B1DB1846-C0FC-48EF-80E4-DC556E9240FA}"
EndProject
Project("{8BC9CEB8-8B4A-11D0-8D11-00A0C91BC942}") = "Translater", "Translater\Translater.vcxproj", "{6105617E-3D4C-4914-BA33-E3D053496BA3}"
EndProject
Project("{FAE04EC0-301F-11D3-BF4B-00C04F79EFBC}") = "TestClient", "TestClient\TestClient.csproj", "{75114483-5B94-4832-88DD-8853CB0250E5}"
EndProject
Global
	GlobalSection(SolutionConfigurationPlatforms) = preSolution
		Debug|Any CPU = Debug|Any CPU
		Debug|x64 = Debug|x64
		Debug|x86 = Debug|x86
		Release|Any CPU = Release|Any CPU
		Release|x64 = Release|x64
		Release|x86 = Release|x86
	EndGlobalSection
	GlobalSection(ProjectConfigurationPlatforms) = postSolution
		{6A46A694-038C-43A2-9180-5CAF5A40FD1F}.Debug|Any CPU.ActiveCfg = Debug|Win32
		{6A46A694-038C-43A2-9180-5CAF5A40FD1F}.Debug|Any CPU.Build.0 = Debug|Win32
		{6A46A694-038C-43A2-9180-5CAF5A40FD1F}.Debug|x64.ActiveCfg = Debug|x64
		{6A46A694-038C-43A2-9180-5CAF5A40FD1F}.Debug|x64.Build.0 = Debug|x64
		{6A46A694-038C-43A2-9180-5CAF5A40FD1F}.Debug|x86.ActiveCfg = Debug|Win32
		{6A46A694-038C-43A2-9180-5CAF5A40FD1F}.Debug|x86.Build.0 = Debug|Win32
		{6A46A694-038C-43A2-9180-5CAF5A40FD1F}.Release|Any CPU.ActiveCfg = Release|Win32
		{6A46A694-038C-43A2-9180-5CAF5A40FD1F}.Release|x64.ActiveCfg = Release|x64
		{6A46A694-038C-43A2-9180-5CAF5A40FD1F}.Release|x64.Build.0 = Release|x64
		{6A46A694-038C-43A2-9180-5CAF5A40FD1F}.Release|x86.ActiveCfg = Release|Win32
		{6A46A694-038C-43A2-9180-5CAF5A40FD1F}.Release|x86.Build.0 = Release|Win32
		{18BACE72-713C-45B2-9E28-17E94391BF86}.Debug|Any CPU.ActiveCfg = Debug|Win32
		{18BACE72-713C-45B2-9E28-17E94391BF86}.Debug|Any CPU.Build.0 = Debug|Win32
		{18BACE72-713C-45B2-9E28-17E94391BF86}.Debug|x64.ActiveCfg = Debug|x64
		{18BACE72-713C-45B2-9E28-17E94391BF86}.Debug|x64.Build.0 = Debug|x64
		{18BACE72-713C-45B2-9E28-17E94391BF86}.Debug|x86.ActiveCfg = Debug|Win32
		{18BACE72-713C-45B2-9E28-17E94391BF86}.Debug|x86.Build.0 = Debug|Win32
		{18BACE72-713C-45B2-9E28-17E94391BF86}.Release|Any CPU.ActiveCfg = Release|Win32
		{18BACE72-713C-45B2-9E28-17E94391BF86}.Release|x64.ActiveCfg = Release|x64
		{18BACE72-713C-45B2-9E28-17E94391BF86}.Release|x64.Build.0 = Release|x64
		{18BACE72-713C-45B2-9E28-17E94391BF86}.Release|x86.ActiveCfg = Release|Win32
		{18BACE72-713C-45B2-9E28-17E94391BF86}.Release|x86.Build.0 = Release|Win32
		{1030EBDC-5B5B-497D-8BEB-4336E0E827DD}.Debug|Any CPU.ActiveCfg = Debug|Win32
		{1030EBDC-5B5B-497D-8BEB-4336E0E827DD}.Debug|Any CPU.Build.0 = Debug|Win32
		{1030EBDC-5B5B-497D-8BEB-4336E0E827DD}.Debug|x64.ActiveCfg = Debug|x64
		{1030EBDC-5B5B-497D-8BEB-4336E0E827DD}.Debug|x64.Build.0 = Debug|x64
		{1030EBDC-5B5B-497D-8BEB-4336E0E827DD}.Debug|x86.ActiveCfg = Debug|Win32
		{1030EBDC-5B5B-497D-8BEB-4336E0E827DD}.Debug|x86.Build.0 = Debug|Win32
		{1030EBDC-5B5B-497D-8BEB-4336E0E827DD}.Release|Any CPU.ActiveCfg = Release|Win32
		{1030EBDC-5B5B-497D-8BEB-4336E0E827DD}.Release|x64.ActiveCfg = Release|x64
		{1030EBDC-5B5B-497D-8BEB-4336E0E827DD}.Release|x64.Build.0 = Release|x64
		{1030EBDC-5B5B-497D-8BEB-4336E0E827DD}.Release|x86.ActiveCfg = Release|Win32
		{1030EBDC-5B5B-497D-8BEB-4336E0E827DD}.Release|x86.Build.0 = Release|Win32
		{AE129F22-6799-4238-A6E6-3CED8DF92C87}.Debug|Any CPU.ActiveCfg = Debug|Win32
		{AE129F22-6799-4238-A6E6-3CED8DF92C87}.Debug|Any CPU.Build.0 = Debug|Win32
		{AE129F22-6799-4238-A6E6-3CED8DF92C87}.Debug|x64.ActiveCfg = Debug|x64
		{AE129F22-6799-4238-A6E6-3CED8DF92C87}.Debug|x64.Build.0 = Debug|x64
		{AE129F22-6799-4238-A6E6-3CED8DF92C87}.Debug|x86.ActiveCfg = Debug|Win32
		{AE129F22-6799-4238-A6E6-3CED8DF92C87}.Debug|x86.Build.0 = Debug|Win32
		{AE129F22-6799-4238-A6E6-3CED8DF92C87}.Release|Any CPU.ActiveCfg = Release|Win32
		{AE129F22-6799-4238-A6E6-3CED8DF92C87}.Release|x64.ActiveCfg = Release|x64
		{AE129F22-6799-4238-A6E6-3CED8DF92C87}.Release|x64.Build.0 = Release|x64
		{AE129F22-6799-4238-A6E6-3CED8DF92C87}.Release|x86.ActiveCfg = Release|Win32
		{AE129F22-6799-4238-A6E6-3CED8DF92C87}.Release|x86.Build.0 = Release|Win32
		{E692239F-C621-41E4-BC52-3B968FB78BD9}.Debug|Any CPU.ActiveCfg = Debug|Win32
		{E692239F-C621-41E4-BC52-3B968FB78BD9}.Debug|Any CPU.Build.0 = Debug|Win32
		{E692239F-C621-41E4-BC52-3B968FB78BD9}.Debug|x64.ActiveCfg = Debug|x64
		{E692239F-C621-41E4-BC52-3B968FB78BD9}.Debug|x64.Build.0 = Debug|x64
		{E692239F-C621-41E4-BC52-3B968FB78BD9}.Debug|x86.ActiveCfg = Debug|Win32
		{E692239F-C621-41E4-BC52-3B968FB78BD9}.Debug|x86.Build.0 = Debug|Win32
		{E692239F-C621-41E4-BC52-3B968FB78BD9}.Release|Any CPU.ActiveCfg = Release|Win32
		{E692239F-C621-41E4-BC52-3B968FB78BD9}.Release|x64.ActiveCfg = Release|x64
		{E692239F-C621-41E4-BC52-3B968FB78BD9}.Release|x64.Build.0 = Release|x64
		{E692239F-C621-41E4-BC52-3B968FB78BD9}.Release|x86.ActiveCfg = Release|Win32
		{E692239F-C621-41E4-BC52-3B968FB78BD9}.Release|x86.Build.0 = Release|Win32
		{687D636D-8841-4AF4-8C10-1246747E3B3D}.Debug|Any CPU.ActiveCfg = Debug|Win32
		{687D636D-8841-4AF4-8C10-1246747E3B3D}.Debug|Any CPU.Build.0 = Debug|Win32
		{687D636D-8841-4AF4-8C10-1246747E3B3D}.Debug|x64.ActiveCfg = Debug|x64
		{687D636D-8841-4AF4-8C10-1246747E3B3D}.Debug|x64.Build.0 = Debug|x64
		{687D636D-8841-4AF4-8C10-1246747E3B3D}.Debug|x86.ActiveCfg = Debug|Win32
		{687D636D-8841-4AF4-8C10-1246747E3B3D}.Debug|x86.Build.0 = Debug|Win32
		{687D636D-8841-4AF4-8C10-1246747E3B3D}.Release|Any CPU.ActiveCfg = Release|Win32
		{687D636D-8841-4AF4-8C10-1246747E3B3D}.Release|x64.ActiveCfg = Release|x64
		{687D636D-8841-4AF4-8C10-1246747E3B3D}.Release|x64.Build.0 = Release|x64
		{687D636D-8841-4AF4-8C10-1246747E3B3D}.Release|x86.ActiveCfg = Release|Win32
		{687D636D-8841-4AF4-8C10-1246747E3B3D}.Release|x86.Build.0 = Release|Win32
		{07DC4539-9182-4E97-9435-0A2C389B2AC3}.Debug|Any CPU.ActiveCfg = Debug|Win32
		{07DC4539-9182-4E97-9435-0A2C389B2AC3}.Debug|Any CPU.Build.0 = Debug|Win32
		{07DC4539-9182-4E97-9435-0A2C389B2AC3}.Debug|x64.ActiveCfg = Debug|x64
		{07DC4539-9182-4E97-9435-0A2C389B2AC3}.Debug|x64.Build.0 = Debug|x64
		{07DC4539-9182-4E97-9435-0A2C389B2AC3}.Debug|x86.ActiveCfg = Debug|Win32
		{07DC4539-9182-4E97-9435-0A2C389B2AC3}.Debug|x86.Build.0 = Debug|Win32
		{07DC4539-9182-4E97-9435-0A2C389B2AC3}.Release|Any CPU.ActiveCfg = Release|Win32
		{07DC4539-9182-4E97-9435-0A2C389B2AC3}.Release|x64.ActiveCfg = Release|x64
		{07DC4539-9182-4E97-9435-0A2C389B2AC3}.Release|x64.Build.0 = Release|x64
		{07DC4539-9182-4E97-9435-0A2C389B2AC3}.Release|x86.ActiveCfg = Release|Win32
		{07DC4539-9182-4E97-9435-0A2C389B2AC3}.Release|x86.Build.0 = Release|Win32
		{4133D528-AB6D-4CCD-AF37-67536F36154C}.Debug|Any CPU.ActiveCfg = Debug|Win32
		{4133D528-AB6D-4CCD-AF37-67536F36154C}.Debug|Any CPU.Build.0 = Debug|Win32
		{4133D528-AB6D-4CCD-AF37-67536F36154C}.Debug|x64.ActiveCfg = Debug|x64
		{4133D528-AB6D-4CCD-AF37-67536F36154C}.Debug|x64.Build.0 = Debug|x64
		{4133D528-AB6D-4CCD-AF37-67536F36154C}.Debug|x86.ActiveCfg = Debug|Win32
		{4133D528-AB6D-4CCD-AF37-67536F36154C}.Debug|x86.Build.0 = Debug|Win32
		{4133D528-AB6D-4CCD-AF37-67536F36154C}.Release|Any CPU.ActiveCfg = Release|Win32
		{4133D528-AB6D-4CCD-AF37-67536F36154C}.Release|x64.ActiveCfg = Release|x64
		{4133D528-AB6D-4CCD-AF37-67536F36154C}.Release|x64.Build.0 = Release|x64
		{4133D528-AB6D-4CCD-AF37-67536F36154C}.Release|x86.ActiveCfg = Release|Win32
		{4133D528-AB6D-4CCD-AF37-67536F36154C}.Release|x86.Build.0 = Release|Win32
		{6E58E051-CC07-4D7F-92A4-06A117A79CA7}.Debug|Any CPU.ActiveCfg = Debug|Win32
		{6E58E051-CC07-4D7F-92A4-06A117A79CA7}.Debug|Any CPU.Build.0 = Debug|Win32
		{6E58E051-CC07-4D7F-92A4-06A117A79CA7}.Debug|x64.ActiveCfg = Debug|x64
		{6E58E051-CC07-4D7F-92A4-06A117A79CA7}.Debug|x64.Build.0 = Debug|x64
		{6E58E051-CC07-4D7F-92A4-06A117A79CA7}.Debug|x86.ActiveCfg = Debug|Win32
		{6E58E051-CC07-4D7F-92A4-06A117A79CA7}.Debug|x86.Build.0 = Debug|Win32
		{6E58E051-CC07-4D7F-92A4-06A117A79CA7}.Release|Any CPU.ActiveCfg = Release|Win32
		{6E58E051-CC07-4D7F-92A4-06A117A79CA7}.Release|x64.ActiveCfg = Release|x64
		{6E58E051-CC07-4D7F-92A4-06A117A79CA7}.Release|x64.Build.0 = Release|x64
		{6E58E051-CC07-4D7F-92A4-06A117A79CA7}.Release|x86.ActiveCfg = Release|Win32
		{6E58E051-CC07-4D7F-92A4-06A117A79CA7}.Release|x86.Build.0 = Release|Win32
		{CA3129B8-1BF4-44C9-B116-53EC72D0BCCB}.Debug|Any CPU.ActiveCfg = Debug|Win32
		{CA3129B8-1BF4-44C9-B116-53EC72D0BCCB}.Debug|Any CPU.Build.0 = Debug|Win32
		{CA3129B8-1BF4-44C9-B116-53EC72D0BCCB}.Debug|x64.ActiveCfg = Debug|x64
		{CA3129B8-1BF4-44C9-B116-53EC72D0BCCB}.Debug|x64.Build.0 = Debug|x64
		{CA3129B8-1BF4-44C9-B116-53EC72D0BCCB}.Debug|x86.ActiveCfg = Debug|Win32
		{CA3129B8-1BF4-44C9-B116-53EC72D0BCCB}.Debug|x86.Build.0 = Debug|Win32
		{CA3129B8-1BF4-44C9-B116-53EC72D0BCCB}.Release|Any CPU.ActiveCfg = Release|Win32
		{CA3129B8-1BF4-44C9-B116-53EC72D0BCCB}.Release|x64.ActiveCfg = Release|Win32
		{CA3129B8-1BF4-44C9-B116-53EC72D0BCCB}.Release|x86.ActiveCfg = Release|Win32
		{CA3129B8-1BF4-44C9-B116-53EC72D0BCCB}.Release|x86.Build.0 = Release|Win32
		{ACE4D371-F507-4ED1-81AA-61C34D675BDF}.Debug|Any CPU.ActiveCfg = Debug|Win32
		{ACE4D371-F507-4ED1-81AA-61C34D675BDF}.Debug|Any CPU.Build.0 = Debug|Win32
		{ACE4D371-F507-4ED1-81AA-61C34D675BDF}.Debug|x64.ActiveCfg = Debug|x64
		{ACE4D371-F507-4ED1-81AA-61C34D675BDF}.Debug|x64.Build.0 = Debug|x64
		{ACE4D371-F507-4ED1-81AA-61C34D675BDF}.Debug|x86.ActiveCfg = Debug|Win32
		{ACE4D371-F507-4ED1-81AA-61C34D675BDF}.Debug|x86.Build.0 = Debug|Win32
		{ACE4D371-F507-4ED1-81AA-61C34D675BDF}.Release|Any CPU.ActiveCfg = Release|Win32
		{ACE4D371-F507-4ED1-81AA-61C34D675BDF}.Release|x64.ActiveCfg = Release|x64
		{ACE4D371-F507-4ED1-81AA-61C34D675BDF}.Release|x64.Build.0 = Release|x64
		{ACE4D371-F507-4ED1-81AA-61C34D675BDF}.Release|x86.ActiveCfg = Release|Win32
		{ACE4D371-F507-4ED1-81AA-61C34D675BDF}.Release|x86.Build.0 = Release|Win32
		{462B43B2-8B13-4178-BF2A-903F76F1985C}.Debug|Any CPU.ActiveCfg = Debug|Win32
		{462B43B2-8B13-4178-BF2A-903F76F1985C}.Debug|Any CPU.Build.0 = Debug|Win32
		{462B43B2-8B13-4178-BF2A-903F76F1985C}.Debug|x64.ActiveCfg = Debug|x64
		{462B43B2-8B13-4178-BF2A-903F76F1985C}.Debug|x64.Build.0 = Debug|x64
		{462B43B2-8B13-4178-BF2A-903F76F1985C}.Debug|x86.ActiveCfg = Debug|Win32
		{462B43B2-8B13-4178-BF2A-903F76F1985C}.Debug|x86.Build.0 = Debug|Win32
		{462B43B2-8B13-4178-BF2A-903F76F1985C}.Release|Any CPU.ActiveCfg = Release|Win32
		{462B43B2-8B13-4178-BF2A-903F76F1985C}.Release|x64.ActiveCfg = Release|x64
		{462B43B2-8B13-4178-BF2A-903F76F1985C}.Release|x64.Build.0 = Release|x64
		{462B43B2-8B13-4178-BF2A-903F76F1985C}.Release|x86.ActiveCfg = Release|Win32
		{462B43B2-8B13-4178-BF2A-903F76F1985C}.Release|x86.Build.0 = Release|Win32
		{D6E40902-7A6C-4AF9-B69A-68E7B80B722C}.Debug|Any CPU.ActiveCfg = Debug|Win32
		{D6E40902-7A6C-4AF9-B69A-68E7B80B722C}.Debug|Any CPU.Build.0 = Debug|Win32
		{D6E40902-7A6C-4AF9-B69A-68E7B80B722C}.Debug|x64.ActiveCfg = Debug|x64
		{D6E40902-7A6C-4AF9-B69A-68E7B80B722C}.Debug|x64.Build.0 = Debug|x64
		{D6E40902-7A6C-4AF9-B69A-68E7B80B722C}.Debug|x86.ActiveCfg = Debug|Win32
		{D6E40902-7A6C-4AF9-B69A-68E7B80B722C}.Debug|x86.Build.0 = Debug|Win32
		{D6E40902-7A6C-4AF9-B69A-68E7B80B722C}.Release|Any CPU.ActiveCfg = Release|Win32
		{D6E40902-7A6C-4AF9-B69A-68E7B80B722C}.Release|x64.ActiveCfg = Release|x64
		{D6E40902-7A6C-4AF9-B69A-68E7B80B722C}.Release|x64.Build.0 = Release|x64
		{D6E40902-7A6C-4AF9-B69A-68E7B80B722C}.Release|x86.ActiveCfg = Release|Win32
		{D6E40902-7A6C-4AF9-B69A-68E7B80B722C}.Release|x86.Build.0 = Release|Win32
		{38A1D03D-7747-4F79-9539-358F1D1D8DD7}.Debug|Any CPU.ActiveCfg = Debug|Win32
		{38A1D03D-7747-4F79-9539-358F1D1D8DD7}.Debug|Any CPU.Build.0 = Debug|Win32
		{38A1D03D-7747-4F79-9539-358F1D1D8DD7}.Debug|x64.ActiveCfg = Debug|x64
		{38A1D03D-7747-4F79-9539-358F1D1D8DD7}.Debug|x64.Build.0 = Debug|x64
		{38A1D03D-7747-4F79-9539-358F1D1D8DD7}.Debug|x86.ActiveCfg = Debug|Win32
		{38A1D03D-7747-4F79-9539-358F1D1D8DD7}.Debug|x86.Build.0 = Debug|Win32
		{38A1D03D-7747-4F79-9539-358F1D1D8DD7}.Release|Any CPU.ActiveCfg = Release|Win32
		{38A1D03D-7747-4F79-9539-358F1D1D8DD7}.Release|x64.ActiveCfg = Release|Win32
		{38A1D03D-7747-4F79-9539-358F1D1D8DD7}.Release|x86.ActiveCfg = Release|Win32
		{38A1D03D-7747-4F79-9539-358F1D1D8DD7}.Release|x86.Build.0 = Release|Win32
		{2FB336ED-53C7-46E2-A942-8BEC5B45AF9A}.Debug|Any CPU.ActiveCfg = Debug|Win32
		{2FB336ED-53C7-46E2-A942-8BEC5B45AF9A}.Debug|Any CPU.Build.0 = Debug|Win32
		{2FB336ED-53C7-46E2-A942-8BEC5B45AF9A}.Debug|x64.ActiveCfg = Debug|x64
		{2FB336ED-53C7-46E2-A942-8BEC5B45AF9A}.Debug|x64.Build.0 = Debug|x64
		{2FB336ED-53C7-46E2-A942-8BEC5B45AF9A}.Debug|x86.ActiveCfg = Debug|Win32
		{2FB336ED-53C7-46E2-A942-8BEC5B45AF9A}.Debug|x86.Build.0 = Debug|Win32
		{2FB336ED-53C7-46E2-A942-8BEC5B45AF9A}.Release|Any CPU.ActiveCfg = Release|Win32
		{2FB336ED-53C7-46E2-A942-8BEC5B45AF9A}.Release|x64.ActiveCfg = Release|x64
		{2FB336ED-53C7-46E2-A942-8BEC5B45AF9A}.Release|x64.Build.0 = Release|x64
		{2FB336ED-53C7-46E2-A942-8BEC5B45AF9A}.Release|x86.ActiveCfg = Release|Win32
		{2FB336ED-53C7-46E2-A942-8BEC5B45AF9A}.Release|x86.Build.0 = Release|Win32
		{C1E1F450-B7E1-4796-84D5-7D3C831DFF68}.Debug|Any CPU.ActiveCfg = Debug|Win32
		{C1E1F450-B7E1-4796-84D5-7D3C831DFF68}.Debug|Any CPU.Build.0 = Debug|Win32
		{C1E1F450-B7E1-4796-84D5-7D3C831DFF68}.Debug|x64.ActiveCfg = Debug|x64
		{C1E1F450-B7E1-4796-84D5-7D3C831DFF68}.Debug|x64.Build.0 = Debug|x64
		{C1E1F450-B7E1-4796-84D5-7D3C831DFF68}.Debug|x86.ActiveCfg = Debug|Win32
		{C1E1F450-B7E1-4796-84D5-7D3C831DFF68}.Debug|x86.Build.0 = Debug|Win32
		{C1E1F450-B7E1-4796-84D5-7D3C831DFF68}.Release|Any CPU.ActiveCfg = Release|Win32
		{C1E1F450-B7E1-4796-84D5-7D3C831DFF68}.Release|x64.ActiveCfg = Release|x64
		{C1E1F450-B7E1-4796-84D5-7D3C831DFF68}.Release|x64.Build.0 = Release|x64
		{C1E1F450-B7E1-4796-84D5-7D3C831DFF68}.Release|x86.ActiveCfg = Release|Win32
		{C1E1F450-B7E1-4796-84D5-7D3C831DFF68}.Release|x86.Build.0 = Release|Win32
		{5E2548A1-C280-49E1-A2B6-55F4BA12B3F2}.Debug|Any CPU.ActiveCfg = Debug|Win32
		{5E2548A1-C280-49E1-A2B6-55F4BA12B3F2}.Debug|Any CPU.Build.0 = Debug|Win32
		{5E2548A1-C280-49E1-A2B6-55F4BA12B3F2}.Debug|x64.ActiveCfg = Debug|x64
		{5E2548A1-C280-49E1-A2B6-55F4BA12B3F2}.Debug|x64.Build.0 = Debug|x64
		{5E2548A1-C280-49E1-A2B6-55F4BA12B3F2}.Debug|x86.ActiveCfg = Debug|Win32
		{5E2548A1-C280-49E1-A2B6-55F4BA12B3F2}.Debug|x86.Build.0 = Debug|Win32
		{5E2548A1-C280-49E1-A2B6-55F4BA12B3F2}.Release|Any CPU.ActiveCfg = Release|Win32
		{5E2548A1-C280-49E1-A2B6-55F4BA12B3F2}.Release|x64.ActiveCfg = Release|x64
		{5E2548A1-C280-49E1-A2B6-55F4BA12B3F2}.Release|x64.Build.0 = Release|x64
		{5E2548A1-C280-49E1-A2B6-55F4BA12B3F2}.Release|x86.ActiveCfg = Release|Win32
		{5E2548A1-C280-49E1-A2B6-55F4BA12B3F2}.Release|x86.Build.0 = Release|Win32
		{8A06E998-A20F-4E13-A4FA-342D100E5337}.Debug|Any CPU.ActiveCfg = Debug|Win32
		{8A06E998-A20F-4E13-A4FA-342D100E5337}.Debug|Any CPU.Build.0 = Debug|Win32
		{8A06E998-A20F-4E13-A4FA-342D100E5337}.Debug|x64.ActiveCfg = Debug|x64
		{8A06E998-A20F-4E13-A4FA-342D100E5337}.Debug|x64.Build.0 = Debug|x64
		{8A06E998-A20F-4E13-A4FA-342D100E5337}.Debug|x86.ActiveCfg = Debug|Win32
		{8A06E998-A20F-4E13-A4FA-342D100E5337}.Debug|x86.Build.0 = Debug|Win32
		{8A06E998-A20F-4E13-A4FA-342D100E5337}.Release|Any CPU.ActiveCfg = Release|Win32
		{8A06E998-A20F-4E13-A4FA-342D100E5337}.Release|x64.ActiveCfg = Release|x64
		{8A06E998-A20F-4E13-A4FA-342D100E5337}.Release|x64.Build.0 = Release|x64
		{8A06E998-A20F-4E13-A4FA-342D100E5337}.Release|x86.ActiveCfg = Release|Win32
		{8A06E998-A20F-4E13-A4FA-342D100E5337}.Release|x86.Build.0 = Release|Win32
		{31BC546A-45C0-48A3-BB2C-5A7F80537570}.Debug|Any CPU.ActiveCfg = Debug|Win32
		{31BC546A-45C0-48A3-BB2C-5A7F80537570}.Debug|Any CPU.Build.0 = Debug|Win32
		{31BC546A-45C0-48A3-BB2C-5A7F80537570}.Debug|x64.ActiveCfg = Debug|x64
		{31BC546A-45C0-48A3-BB2C-5A7F80537570}.Debug|x64.Build.0 = Debug|x64
		{31BC546A-45C0-48A3-BB2C-5A7F80537570}.Debug|x86.ActiveCfg = Debug|Win32
		{31BC546A-45C0-48A3-BB2C-5A7F80537570}.Debug|x86.Build.0 = Debug|Win32
		{31BC546A-45C0-48A3-BB2C-5A7F80537570}.Release|Any CPU.ActiveCfg = Release|Win32
		{31BC546A-45C0-48A3-BB2C-5A7F80537570}.Release|x64.ActiveCfg = Release|x64
		{31BC546A-45C0-48A3-BB2C-5A7F80537570}.Release|x64.Build.0 = Release|x64
		{31BC546A-45C0-48A3-BB2C-5A7F80537570}.Release|x86.ActiveCfg = Release|Win32
		{31BC546A-45C0-48A3-BB2C-5A7F80537570}.Release|x86.Build.0 = Release|Win32
		{B1DB1846-C0FC-48EF-80E4-DC556E9240FA}.Debug|Any CPU.ActiveCfg = Debug|Win32
		{B1DB1846-C0FC-48EF-80E4-DC556E9240FA}.Debug|Any CPU.Build.0 = Debug|Win32
		{B1DB1846-C0FC-48EF-80E4-DC556E9240FA}.Debug|x64.ActiveCfg = Debug|x64
		{B1DB1846-C0FC-48EF-80E4-DC556E9240FA}.Debug|x64.Build.0 = Debug|x64
		{B1DB1846-C0FC-48EF-80E4-DC556E9240FA}.Debug|x86.ActiveCfg = Debug|Win32
		{B1DB1846-C0FC-48EF-80E4-DC556E9240FA}.Debug|x86.Build.0 = Debug|Win32
		{B1DB1846-C0FC-48EF-80E4-DC556E9240FA}.Release|Any CPU.ActiveCfg = Release|Win32
		{B1DB1846-C0FC-48EF-80E4-DC556E9240FA}.Release|x64.ActiveCfg = Release|x64
		{B1DB1846-C0FC-48EF-80E4-DC556E9240FA}.Release|x64.Build.0 = Release|x64
		{B1DB1846-C0FC-48EF-80E4-DC556E9240FA}.Release|x86.ActiveCfg = Release|Win32
		{B1DB1846-C0FC-48EF-80E4-DC556E9240FA}.Release|x86.Build.0 = Release|Win32
		{6105617E-3D4C-4914-BA33-E3D053496BA3}.Debug|Any CPU.ActiveCfg = Debug|Win32
		{6105617E-3D4C-4914-BA33-E3D053496BA3}.Debug|Any CPU.Build.0 = Debug|Win32
		{6105617E-3D4C-4914-BA33-E3D053496BA3}.Debug|x64.ActiveCfg = Debug|x64
		{6105617E-3D4C-4914-BA33-E3D053496BA3}.Debug|x64.Build.0 = Debug|x64
		{6105617E-3D4C-4914-BA33-E3D053496BA3}.Debug|x86.ActiveCfg = Debug|Win32
		{6105617E-3D4C-4914-BA33-E3D053496BA3}.Debug|x86.Build.0 = Debug|Win32
		{6105617E-3D4C-4914-BA33-E3D053496BA3}.Release|Any CPU.ActiveCfg = Release|Win32
		{6105617E-3D4C-4914-BA33-E3D053496BA3}.Release|x64.ActiveCfg = Release|x64
		{6105617E-3D4C-4914-BA33-E3D053496BA3}.Release|x64.Build.0 = Release|x64
		{6105617E-3D4C-4914-BA33-E3D053496BA3}.Release|x86.ActiveCfg = Release|Win32
		{6105617E-3D4C-4914-BA33-E3D053496BA3}.Release|x86.Build.0 = Release|Win32
		{75114483-5B94-4832-88DD-8853CB0250E5}.Debug|Any CPU.ActiveCfg = Debug|x86
		{75114483-5B94-4832-88DD-8853CB0250E5}.Debug|Any CPU.Build.0 = Debug|x86
		{75114483-5B94-4832-88DD-8853CB0250E5}.Debug|x64.ActiveCfg = Debug|Any CPU
		{75114483-5B94-4832-88DD-8853CB0250E5}.Debug|x64.Build.0 = Debug|Any CPU
		{75114483-5B94-4832-88DD-8853CB0250E5}.Debug|x86.ActiveCfg = Debug|Any CPU
		{75114483-5B94-4832-88DD-8853CB0250E5}.Debug|x86.Build.0 = Debug|Any CPU
		{75114483-5B94-4832-88DD-8853CB0250E5}.Release|Any CPU.ActiveCfg = Release|Any CPU
		{75114483-5B94-4832-88DD-8853CB0250E5}.Release|Any CPU.Build.0 = Release|Any CPU
		{75114483-5B94-4832-88DD-8853CB0250E5}.Release|x64.ActiveCfg = Release|Any CPU
		{75114483-5B94-4832-88DD-8853CB0250E5}.Release|x64.Build.0 = Release|Any CPU
		{75114483-5B94-4832-88DD-8853CB0250E5}.Release|x86.ActiveCfg = Release|Any CPU
		{75114483-5B94-4832-88DD-8853CB0250E5}.Release|x86.Build.0 = Release|Any CPU
	EndGlobalSection
	GlobalSection(SolutionProperties) = preSolution
		HideSolutionNode = FALSE
	EndGlobalSection
	GlobalSection(ExtensibilityGlobals) = postSolution
		SolutionGuid = {C3BDFDC5-C8C6-45F8-AE2E-BA4193C47608}
	EndGlobalSection
EndGlobal
